// !$*UTF8*$!
{
	archiveVersion = 1;
	classes = {
	};
	objectVersion = 50;
	objects = {

/* Begin PBXBuildFile section */
		46A00DDD20EDA3DB00FF0EA1 /* Main.storyboard in Resources */ = {isa = PBXBuildFile; fileRef = 46A00DDB20EDA3DB00FF0EA1 /* Main.storyboard */; };
		46D6691F211C0C3900A23ECB /* POPAnimation.m in Sources */ = {isa = PBXBuildFile; fileRef = 46D6691E211C0C3900A23ECB /* POPAnimation.m */; };
		708EE64C20E8D11300D228F7 /* ISListViewCtrl.m in Sources */ = {isa = PBXBuildFile; fileRef = 708EE64B20E8D11300D228F7 /* ISListViewCtrl.m */; };
		70F025F320E78CB90093341C /* AppDelegate.m in Sources */ = {isa = PBXBuildFile; fileRef = 70F025F220E78CB90093341C /* AppDelegate.m */; };
		70F025F620E78CB90093341C /* ViewController.m in Sources */ = {isa = PBXBuildFile; fileRef = 70F025F520E78CB90093341C /* ViewController.m */; };
		70F025FB20E78CBA0093341C /* Assets.xcassets in Resources */ = {isa = PBXBuildFile; fileRef = 70F025FA20E78CBA0093341C /* Assets.xcassets */; };
		70F025FE20E78CBA0093341C /* LaunchScreen.storyboard in Resources */ = {isa = PBXBuildFile; fileRef = 70F025FC20E78CBA0093341C /* LaunchScreen.storyboard */; };
		70F0260120E78CBA0093341C /* main.m in Sources */ = {isa = PBXBuildFile; fileRef = 70F0260020E78CBA0093341C /* main.m */; };
		70F0260B20E78CBA0093341C /* iOS_layout_ocTests.m in Sources */ = {isa = PBXBuildFile; fileRef = 70F0260A20E78CBA0093341C /* iOS_layout_ocTests.m */; };
		70F0261620E78CBA0093341C /* iOS_layout_ocUITests.m in Sources */ = {isa = PBXBuildFile; fileRef = 70F0261520E78CBA0093341C /* iOS_layout_ocUITests.m */; };
		70F0262820E78EE40093341C /* BaseViewCtrl.m in Sources */ = {isa = PBXBuildFile; fileRef = 70F0262720E78EE40093341C /* BaseViewCtrl.m */; };
		70F0262B20E78F180093341C /* BaseTableViewCtrl.m in Sources */ = {isa = PBXBuildFile; fileRef = 70F0262A20E78F180093341C /* BaseTableViewCtrl.m */; };
		D43CC274D09A1115C097B5D7 /* ISTabCtrl.m in Sources */ = {isa = PBXBuildFile; fileRef = D43CC25307C7E386F9300DD8 /* ISTabCtrl.m */; };
		D43CC7B541299D7CB3840A69 /* TabBarTest.m in Sources */ = {isa = PBXBuildFile; fileRef = D43CCD2DAF7E1FE5D3DAA41A /* TabBarTest.m */; };
		D43CC97189EC8C8D978E0B1C /* BaseTabCtrl.m in Sources */ = {isa = PBXBuildFile; fileRef = D43CC8B28A4BA8B47BF4AE4D /* BaseTabCtrl.m */; };
		F67EE553F176A9B252BE2089 /* DetailLayoutTest.m in Sources */ = {isa = PBXBuildFile; fileRef = F67EEFAE4D870989E5FDB706 /* DetailLayoutTest.m */; };
		F67EE9B0E96B556C805F9293 /* BaseCell.m in Sources */ = {isa = PBXBuildFile; fileRef = F67EE7A07464B81640F36644 /* BaseCell.m */; };
		F67EEE988E375CD356F5B7BF /* ListLayoutTest.m in Sources */ = {isa = PBXBuildFile; fileRef = F67EEE7CB22BDE4F2F24C045 /* ListLayoutTest.m */; };
		F67EEF39C84653D536286E5E /* OrderDictionary.m in Sources */ = {isa = PBXBuildFile; fileRef = F67EE7BBEB31C783348C4CA0 /* OrderDictionary.m */; };
/* End PBXBuildFile section */

/* Begin PBXContainerItemProxy section */
		70F0260720E78CBA0093341C /* PBXContainerItemProxy */ = {
			isa = PBXContainerItemProxy;
			containerPortal = 70F025E620E78CB90093341C /* Project object */;
			proxyType = 1;
			remoteGlobalIDString = 70F025ED20E78CB90093341C;
			remoteInfo = "iOS-layout-oc";
		};
		70F0261220E78CBA0093341C /* PBXContainerItemProxy */ = {
			isa = PBXContainerItemProxy;
			containerPortal = 70F025E620E78CB90093341C /* Project object */;
			proxyType = 1;
			remoteGlobalIDString = 70F025ED20E78CB90093341C;
			remoteInfo = "iOS-layout-oc";
		};
/* End PBXContainerItemProxy section */

/* Begin PBXFileReference section */
		46A00DDC20EDA3DB00FF0EA1 /* Base */ = {isa = PBXFileReference; lastKnownFileType = file.storyboard; name = Base; path = Base.lproj/Main.storyboard; sourceTree = "<group>"; };
		46D6691D211C0C3900A23ECB /* POPAnimation.h */ = {isa = PBXFileReference; lastKnownFileType = sourcecode.c.h; path = POPAnimation.h; sourceTree = "<group>"; };
		46D6691E211C0C3900A23ECB /* POPAnimation.m */ = {isa = PBXFileReference; lastKnownFileType = sourcecode.c.objc; path = POPAnimation.m; sourceTree = "<group>"; };
		708EE64A20E8D11300D228F7 /* ISListViewCtrl.h */ = {isa = PBXFileReference; lastKnownFileType = sourcecode.c.h; path = ISListViewCtrl.h; sourceTree = "<group>"; };
		708EE64B20E8D11300D228F7 /* ISListViewCtrl.m */ = {isa = PBXFileReference; lastKnownFileType = sourcecode.c.objc; path = ISListViewCtrl.m; sourceTree = "<group>"; };
		70F025EE20E78CB90093341C /* IosSnippet.app */ = {isa = PBXFileReference; explicitFileType = wrapper.application; includeInIndex = 0; path = IosSnippet.app; sourceTree = BUILT_PRODUCTS_DIR; };
		70F025F120E78CB90093341C /* AppDelegate.h */ = {isa = PBXFileReference; lastKnownFileType = sourcecode.c.h; path = AppDelegate.h; sourceTree = "<group>"; };
		70F025F220E78CB90093341C /* AppDelegate.m */ = {isa = PBXFileReference; lastKnownFileType = sourcecode.c.objc; path = AppDelegate.m; sourceTree = "<group>"; };
		70F025F420E78CB90093341C /* ViewController.h */ = {isa = PBXFileReference; lastKnownFileType = sourcecode.c.h; path = ViewController.h; sourceTree = "<group>"; };
		70F025F520E78CB90093341C /* ViewController.m */ = {isa = PBXFileReference; lastKnownFileType = sourcecode.c.objc; path = ViewController.m; sourceTree = "<group>"; };
		70F025FA20E78CBA0093341C /* Assets.xcassets */ = {isa = PBXFileReference; lastKnownFileType = folder.assetcatalog; path = Assets.xcassets; sourceTree = "<group>"; };
		70F025FD20E78CBA0093341C /* Base */ = {isa = PBXFileReference; lastKnownFileType = file.storyboard; name = Base; path = Base.lproj/LaunchScreen.storyboard; sourceTree = "<group>"; };
		70F025FF20E78CBA0093341C /* Info.plist */ = {isa = PBXFileReference; lastKnownFileType = text.plist.xml; path = Info.plist; sourceTree = "<group>"; };
		70F0260020E78CBA0093341C /* main.m */ = {isa = PBXFileReference; lastKnownFileType = sourcecode.c.objc; path = main.m; sourceTree = "<group>"; };
		70F0260620E78CBA0093341C /* IosSnippetTests.xctest */ = {isa = PBXFileReference; explicitFileType = wrapper.cfbundle; includeInIndex = 0; path = IosSnippetTests.xctest; sourceTree = BUILT_PRODUCTS_DIR; };
		70F0260A20E78CBA0093341C /* iOS_layout_ocTests.m */ = {isa = PBXFileReference; lastKnownFileType = sourcecode.c.objc; path = iOS_layout_ocTests.m; sourceTree = "<group>"; };
		70F0260C20E78CBA0093341C /* Info.plist */ = {isa = PBXFileReference; lastKnownFileType = text.plist.xml; path = Info.plist; sourceTree = "<group>"; };
		70F0261120E78CBA0093341C /* IosSnippetUITests.xctest */ = {isa = PBXFileReference; explicitFileType = wrapper.cfbundle; includeInIndex = 0; path = IosSnippetUITests.xctest; sourceTree = BUILT_PRODUCTS_DIR; };
		70F0261520E78CBA0093341C /* iOS_layout_ocUITests.m */ = {isa = PBXFileReference; lastKnownFileType = sourcecode.c.objc; path = iOS_layout_ocUITests.m; sourceTree = "<group>"; };
		70F0261720E78CBA0093341C /* Info.plist */ = {isa = PBXFileReference; lastKnownFileType = text.plist.xml; path = Info.plist; sourceTree = "<group>"; };
		70F0262620E78EE40093341C /* BaseViewCtrl.h */ = {isa = PBXFileReference; lastKnownFileType = sourcecode.c.h; path = BaseViewCtrl.h; sourceTree = "<group>"; };
		70F0262720E78EE40093341C /* BaseViewCtrl.m */ = {isa = PBXFileReference; lastKnownFileType = sourcecode.c.objc; path = BaseViewCtrl.m; sourceTree = "<group>"; };
		70F0262920E78F180093341C /* BaseTableViewCtrl.h */ = {isa = PBXFileReference; lastKnownFileType = sourcecode.c.h; path = BaseTableViewCtrl.h; sourceTree = "<group>"; };
		70F0262A20E78F180093341C /* BaseTableViewCtrl.m */ = {isa = PBXFileReference; lastKnownFileType = sourcecode.c.objc; path = BaseTableViewCtrl.m; sourceTree = "<group>"; };
		70F0262C20E78FB10093341C /* PrefixHeader.pch */ = {isa = PBXFileReference; lastKnownFileType = sourcecode.c.h; path = PrefixHeader.pch; sourceTree = "<group>"; };
		D43CC07DCF4BA5206BF90B76 /* BaseTabCtrl.h */ = {isa = PBXFileReference; fileEncoding = 4; lastKnownFileType = sourcecode.c.h; path = BaseTabCtrl.h; sourceTree = "<group>"; };
		D43CC25307C7E386F9300DD8 /* ISTabCtrl.m */ = {isa = PBXFileReference; fileEncoding = 4; lastKnownFileType = sourcecode.c.objc; path = ISTabCtrl.m; sourceTree = "<group>"; };
		D43CC8B28A4BA8B47BF4AE4D /* BaseTabCtrl.m */ = {isa = PBXFileReference; fileEncoding = 4; lastKnownFileType = sourcecode.c.objc; path = BaseTabCtrl.m; sourceTree = "<group>"; };
		D43CCA9262EC5DF8FEB299DA /* TabBarTest.h */ = {isa = PBXFileReference; fileEncoding = 4; lastKnownFileType = sourcecode.c.h; path = TabBarTest.h; sourceTree = "<group>"; };
		D43CCC18FA585A4CCEEB5D77 /* ISTabCtrl.h */ = {isa = PBXFileReference; fileEncoding = 4; lastKnownFileType = sourcecode.c.h; path = ISTabCtrl.h; sourceTree = "<group>"; };
		D43CCD2DAF7E1FE5D3DAA41A /* TabBarTest.m */ = {isa = PBXFileReference; fileEncoding = 4; lastKnownFileType = sourcecode.c.objc; path = TabBarTest.m; sourceTree = "<group>"; };
		F67EE6F3E955CAB0C5334750 /* OrderDictionary.h */ = {isa = PBXFileReference; fileEncoding = 4; lastKnownFileType = sourcecode.c.h; path = OrderDictionary.h; sourceTree = "<group>"; };
		F67EE7A07464B81640F36644 /* BaseCell.m */ = {isa = PBXFileReference; fileEncoding = 4; lastKnownFileType = sourcecode.c.objc; path = BaseCell.m; sourceTree = "<group>"; };
		F67EE7BBEB31C783348C4CA0 /* OrderDictionary.m */ = {isa = PBXFileReference; fileEncoding = 4; lastKnownFileType = sourcecode.c.objc; path = OrderDictionary.m; sourceTree = "<group>"; };
		F67EE961A5BE68E5AAF5AFD2 /* BaseCell.h */ = {isa = PBXFileReference; fileEncoding = 4; lastKnownFileType = sourcecode.c.h; path = BaseCell.h; sourceTree = "<group>"; };
		F67EE9AFAC28BBB606CD873E /* DetailLayoutTest.h */ = {isa = PBXFileReference; fileEncoding = 4; lastKnownFileType = sourcecode.c.h; path = DetailLayoutTest.h; sourceTree = "<group>"; };
		F67EECBDB08B88D1D72875B7 /* ListLayoutTest.h */ = {isa = PBXFileReference; fileEncoding = 4; lastKnownFileType = sourcecode.c.h; path = ListLayoutTest.h; sourceTree = "<group>"; };
		F67EEE7CB22BDE4F2F24C045 /* ListLayoutTest.m */ = {isa = PBXFileReference; fileEncoding = 4; lastKnownFileType = sourcecode.c.objc; path = ListLayoutTest.m; sourceTree = "<group>"; };
		F67EEFAE4D870989E5FDB706 /* DetailLayoutTest.m */ = {isa = PBXFileReference; fileEncoding = 4; lastKnownFileType = sourcecode.c.objc; path = DetailLayoutTest.m; sourceTree = "<group>"; };
/* End PBXFileReference section */

/* Begin PBXFrameworksBuildPhase section */
		70F025EB20E78CB90093341C /* Frameworks */ = {
			isa = PBXFrameworksBuildPhase;
			buildActionMask = 2147483647;
			files = (
			);
			runOnlyForDeploymentPostprocessing = 0;
		};
		70F0260320E78CBA0093341C /* Frameworks */ = {
			isa = PBXFrameworksBuildPhase;
			buildActionMask = 2147483647;
			files = (
			);
			runOnlyForDeploymentPostprocessing = 0;
		};
		70F0260E20E78CBA0093341C /* Frameworks */ = {
			isa = PBXFrameworksBuildPhase;
			buildActionMask = 2147483647;
			files = (
			);
			runOnlyForDeploymentPostprocessing = 0;
		};
/* End PBXFrameworksBuildPhase section */

/* Begin PBXGroup section */
		46D6691C211C0B7600A23ECB /* Animation */ = {
			isa = PBXGroup;
			children = (
				46D6691D211C0C3900A23ECB /* POPAnimation.h */,
				46D6691E211C0C3900A23ECB /* POPAnimation.m */,
			);
			path = Animation;
			sourceTree = "<group>";
		};
		70F025E520E78CB90093341C = {
			isa = PBXGroup;
			children = (
				70F025F020E78CB90093341C /* IosSnipppet */,
				70F0260920E78CBA0093341C /* IosSnippetTests */,
				70F0261420E78CBA0093341C /* IosSnippetUITests */,
				70F025EF20E78CB90093341C /* Products */,
			);
			sourceTree = "<group>";
		};
		70F025EF20E78CB90093341C /* Products */ = {
			isa = PBXGroup;
			children = (
				70F025EE20E78CB90093341C /* IosSnippet.app */,
				70F0260620E78CBA0093341C /* IosSnippetTests.xctest */,
				70F0261120E78CBA0093341C /* IosSnippetUITests.xctest */,
			);
			name = Products;
			sourceTree = "<group>";
		};
		70F025F020E78CB90093341C /* IosSnipppet */ = {
			isa = PBXGroup;
			children = (
				46D6691C211C0B7600A23ECB /* Animation */,
				70F0262D20E7900E0093341C /* Layout */,
				70F0262520E78EA40093341C /* Base */,
				70F025F120E78CB90093341C /* AppDelegate.h */,
				70F025F220E78CB90093341C /* AppDelegate.m */,
				70F025F420E78CB90093341C /* ViewController.h */,
				70F025F520E78CB90093341C /* ViewController.m */,
				46A00DDB20EDA3DB00FF0EA1 /* Main.storyboard */,
				70F025FA20E78CBA0093341C /* Assets.xcassets */,
				70F025FC20E78CBA0093341C /* LaunchScreen.storyboard */,
				70F025FF20E78CBA0093341C /* Info.plist */,
				70F0260020E78CBA0093341C /* main.m */,
				70F0262C20E78FB10093341C /* PrefixHeader.pch */,
				F67EE865BB50F4D928D7578A /* Test */,
				F67EE3AC066907551F35522D /* Helper */,
			);
			path = IosSnipppet;
			sourceTree = "<group>";
		};
		70F0260920E78CBA0093341C /* IosSnippetTests */ = {
			isa = PBXGroup;
			children = (
				70F0260A20E78CBA0093341C /* iOS_layout_ocTests.m */,
				70F0260C20E78CBA0093341C /* Info.plist */,
			);
			path = IosSnippetTests;
			sourceTree = "<group>";
		};
		70F0261420E78CBA0093341C /* IosSnippetUITests */ = {
			isa = PBXGroup;
			children = (
				70F0261520E78CBA0093341C /* iOS_layout_ocUITests.m */,
				70F0261720E78CBA0093341C /* Info.plist */,
			);
			path = IosSnippetUITests;
			sourceTree = "<group>";
		};
		70F0262520E78EA40093341C /* Base */ = {
			isa = PBXGroup;
			children = (
				70F0262620E78EE40093341C /* BaseViewCtrl.h */,
				70F0262720E78EE40093341C /* BaseViewCtrl.m */,
				70F0262920E78F180093341C /* BaseTableViewCtrl.h */,
				70F0262A20E78F180093341C /* BaseTableViewCtrl.m */,
				F67EE7A07464B81640F36644 /* BaseCell.m */,
				F67EE961A5BE68E5AAF5AFD2 /* BaseCell.h */,
				D43CC8B28A4BA8B47BF4AE4D /* BaseTabCtrl.m */,
				D43CC07DCF4BA5206BF90B76 /* BaseTabCtrl.h */,
			);
			path = Base;
			sourceTree = "<group>";
		};
		70F0262D20E7900E0093341C /* Layout */ = {
			isa = PBXGroup;
			children = (
				708EE64A20E8D11300D228F7 /* ISListViewCtrl.h */,
				708EE64B20E8D11300D228F7 /* ISListViewCtrl.m */,
				D43CC25307C7E386F9300DD8 /* ISTabCtrl.m */,
				D43CCC18FA585A4CCEEB5D77 /* ISTabCtrl.h */,
			);
			path = Layout;
			sourceTree = "<group>";
		};
		F67EE3AC066907551F35522D /* Helper */ = {
			isa = PBXGroup;
			children = (
				F67EE7BBEB31C783348C4CA0 /* OrderDictionary.m */,
				F67EE6F3E955CAB0C5334750 /* OrderDictionary.h */,
			);
			path = Helper;
			sourceTree = "<group>";
		};
		F67EE865BB50F4D928D7578A /* Test */ = {
			isa = PBXGroup;
			children = (
				F67EEFAE4D870989E5FDB706 /* DetailLayoutTest.m */,
				F67EE9AFAC28BBB606CD873E /* DetailLayoutTest.h */,
				F67EEE7CB22BDE4F2F24C045 /* ListLayoutTest.m */,
				F67EECBDB08B88D1D72875B7 /* ListLayoutTest.h */,
				D43CCD2DAF7E1FE5D3DAA41A /* TabBarTest.m */,
				D43CCA9262EC5DF8FEB299DA /* TabBarTest.h */,
			);
			path = Test;
			sourceTree = "<group>";
		};
/* End PBXGroup section */

/* Begin PBXNativeTarget section */
		70F025ED20E78CB90093341C /* IosSnippet */ = {
			isa = PBXNativeTarget;
			buildConfigurationList = 70F0261A20E78CBA0093341C /* Build configuration list for PBXNativeTarget "IosSnippet" */;
			buildPhases = (
				70F025EA20E78CB90093341C /* Sources */,
				70F025EB20E78CB90093341C /* Frameworks */,
				70F025EC20E78CB90093341C /* Resources */,
			);
			buildRules = (
			);
			dependencies = (
			);
			name = IosSnippet;
			productName = "iOS-layout-oc";
			productReference = 70F025EE20E78CB90093341C /* IosSnippet.app */;
			productType = "com.apple.product-type.application";
		};
		70F0260520E78CBA0093341C /* IosSnippetTests */ = {
			isa = PBXNativeTarget;
			buildConfigurationList = 70F0261D20E78CBA0093341C /* Build configuration list for PBXNativeTarget "IosSnippetTests" */;
			buildPhases = (
				70F0260220E78CBA0093341C /* Sources */,
				70F0260320E78CBA0093341C /* Frameworks */,
				70F0260420E78CBA0093341C /* Resources */,
			);
			buildRules = (
			);
			dependencies = (
				70F0260820E78CBA0093341C /* PBXTargetDependency */,
			);
			name = IosSnippetTests;
			productName = "iOS-layout-ocTests";
			productReference = 70F0260620E78CBA0093341C /* IosSnippetTests.xctest */;
			productType = "com.apple.product-type.bundle.unit-test";
		};
		70F0261020E78CBA0093341C /* IosSnippetUITests */ = {
			isa = PBXNativeTarget;
			buildConfigurationList = 70F0262020E78CBA0093341C /* Build configuration list for PBXNativeTarget "IosSnippetUITests" */;
			buildPhases = (
				70F0260D20E78CBA0093341C /* Sources */,
				70F0260E20E78CBA0093341C /* Frameworks */,
				70F0260F20E78CBA0093341C /* Resources */,
			);
			buildRules = (
			);
			dependencies = (
				70F0261320E78CBA0093341C /* PBXTargetDependency */,
			);
			name = IosSnippetUITests;
			productName = "iOS-layout-ocUITests";
			productReference = 70F0261120E78CBA0093341C /* IosSnippetUITests.xctest */;
			productType = "com.apple.product-type.bundle.ui-testing";
		};
/* End PBXNativeTarget section */

/* Begin PBXProject section */
		70F025E620E78CB90093341C /* Project object */ = {
			isa = PBXProject;
			attributes = {
				LastUpgradeCheck = 0930;
				ORGANIZATIONNAME = "叶铭";
				TargetAttributes = {
					70F025ED20E78CB90093341C = {
						CreatedOnToolsVersion = 9.3;
					};
					70F0260520E78CBA0093341C = {
						CreatedOnToolsVersion = 9.3;
						TestTargetID = 70F025ED20E78CB90093341C;
					};
					70F0261020E78CBA0093341C = {
						CreatedOnToolsVersion = 9.3;
						TestTargetID = 70F025ED20E78CB90093341C;
					};
				};
			};
			buildConfigurationList = 70F025E920E78CB90093341C /* Build configuration list for PBXProject "IosSnippet" */;
			compatibilityVersion = "Xcode 9.3";
			developmentRegion = en;
			hasScannedForEncodings = 0;
			knownRegions = (
				en,
				Base,
			);
			mainGroup = 70F025E520E78CB90093341C;
			productRefGroup = 70F025EF20E78CB90093341C /* Products */;
			projectDirPath = "";
			projectRoot = "";
			targets = (
				70F025ED20E78CB90093341C /* IosSnippet */,
				70F0260520E78CBA0093341C /* IosSnippetTests */,
				70F0261020E78CBA0093341C /* IosSnippetUITests */,
			);
		};
/* End PBXProject section */

/* Begin PBXResourcesBuildPhase section */
		70F025EC20E78CB90093341C /* Resources */ = {
			isa = PBXResourcesBuildPhase;
			buildActionMask = 2147483647;
			files = (
				46A00DDD20EDA3DB00FF0EA1 /* Main.storyboard in Resources */,
				70F025FE20E78CBA0093341C /* LaunchScreen.storyboard in Resources */,
				70F025FB20E78CBA0093341C /* Assets.xcassets in Resources */,
			);
			runOnlyForDeploymentPostprocessing = 0;
		};
		70F0260420E78CBA0093341C /* Resources */ = {
			isa = PBXResourcesBuildPhase;
			buildActionMask = 2147483647;
			files = (
			);
			runOnlyForDeploymentPostprocessing = 0;
		};
		70F0260F20E78CBA0093341C /* Resources */ = {
			isa = PBXResourcesBuildPhase;
			buildActionMask = 2147483647;
			files = (
			);
			runOnlyForDeploymentPostprocessing = 0;
		};
/* End PBXResourcesBuildPhase section */

/* Begin PBXSourcesBuildPhase section */
		70F025EA20E78CB90093341C /* Sources */ = {
			isa = PBXSourcesBuildPhase;
			buildActionMask = 2147483647;
			files = (
				70F025F620E78CB90093341C /* ViewController.m in Sources */,
				70F0262820E78EE40093341C /* BaseViewCtrl.m in Sources */,
				708EE64C20E8D11300D228F7 /* ISListViewCtrl.m in Sources */,
				70F0260120E78CBA0093341C /* main.m in Sources */,
				70F025F320E78CB90093341C /* AppDelegate.m in Sources */,
				70F0262B20E78F180093341C /* BaseTableViewCtrl.m in Sources */,
				F67EE553F176A9B252BE2089 /* DetailLayoutTest.m in Sources */,
				F67EE9B0E96B556C805F9293 /* BaseCell.m in Sources */,
				F67EEF39C84653D536286E5E /* OrderDictionary.m in Sources */,
				F67EEE988E375CD356F5B7BF /* ListLayoutTest.m in Sources */,
				D43CC97189EC8C8D978E0B1C /* BaseTabCtrl.m in Sources */,
				D43CC274D09A1115C097B5D7 /* ISTabCtrl.m in Sources */,
				46D6691F211C0C3900A23ECB /* POPAnimation.m in Sources */,
				D43CC7B541299D7CB3840A69 /* TabBarTest.m in Sources */,
			);
			runOnlyForDeploymentPostprocessing = 0;
		};
		70F0260220E78CBA0093341C /* Sources */ = {
			isa = PBXSourcesBuildPhase;
			buildActionMask = 2147483647;
			files = (
				70F0260B20E78CBA0093341C /* iOS_layout_ocTests.m in Sources */,
			);
			runOnlyForDeploymentPostprocessing = 0;
		};
		70F0260D20E78CBA0093341C /* Sources */ = {
			isa = PBXSourcesBuildPhase;
			buildActionMask = 2147483647;
			files = (
				70F0261620E78CBA0093341C /* iOS_layout_ocUITests.m in Sources */,
			);
			runOnlyForDeploymentPostprocessing = 0;
		};
/* End PBXSourcesBuildPhase section */

/* Begin PBXTargetDependency section */
		70F0260820E78CBA0093341C /* PBXTargetDependency */ = {
			isa = PBXTargetDependency;
			target = 70F025ED20E78CB90093341C /* IosSnippet */;
			targetProxy = 70F0260720E78CBA0093341C /* PBXContainerItemProxy */;
		};
		70F0261320E78CBA0093341C /* PBXTargetDependency */ = {
			isa = PBXTargetDependency;
			target = 70F025ED20E78CB90093341C /* IosSnippet */;
			targetProxy = 70F0261220E78CBA0093341C /* PBXContainerItemProxy */;
		};
/* End PBXTargetDependency section */

/* Begin PBXVariantGroup section */
		46A00DDB20EDA3DB00FF0EA1 /* Main.storyboard */ = {
			isa = PBXVariantGroup;
			children = (
				46A00DDC20EDA3DB00FF0EA1 /* Base */,
			);
			name = Main.storyboard;
			sourceTree = "<group>";
		};
		70F025FC20E78CBA0093341C /* LaunchScreen.storyboard */ = {
			isa = PBXVariantGroup;
			children = (
				70F025FD20E78CBA0093341C /* Base */,
			);
			name = LaunchScreen.storyboard;
			sourceTree = "<group>";
		};
/* End PBXVariantGroup section */

/* Begin XCBuildConfiguration section */
		70F0261820E78CBA0093341C /* Debug */ = {
			isa = XCBuildConfiguration;
			buildSettings = {
				ALWAYS_SEARCH_USER_PATHS = NO;
				CLANG_ANALYZER_NONNULL = YES;
				CLANG_ANALYZER_NUMBER_OBJECT_CONVERSION = YES_AGGRESSIVE;
				CLANG_CXX_LANGUAGE_STANDARD = "gnu++14";
				CLANG_CXX_LIBRARY = "libc++";
				CLANG_ENABLE_MODULES = YES;
				CLANG_ENABLE_OBJC_ARC = YES;
				CLANG_ENABLE_OBJC_WEAK = YES;
				CLANG_WARN_BLOCK_CAPTURE_AUTORELEASING = YES;
				CLANG_WARN_BOOL_CONVERSION = YES;
				CLANG_WARN_COMMA = YES;
				CLANG_WARN_CONSTANT_CONVERSION = YES;
				CLANG_WARN_DEPRECATED_OBJC_IMPLEMENTATIONS = YES;
				CLANG_WARN_DIRECT_OBJC_ISA_USAGE = YES_ERROR;
				CLANG_WARN_DOCUMENTATION_COMMENTS = YES;
				CLANG_WARN_EMPTY_BODY = YES;
				CLANG_WARN_ENUM_CONVERSION = YES;
				CLANG_WARN_INFINITE_RECURSION = YES;
				CLANG_WARN_INT_CONVERSION = YES;
				CLANG_WARN_NON_LITERAL_NULL_CONVERSION = YES;
				CLANG_WARN_OBJC_IMPLICIT_RETAIN_SELF = YES;
				CLANG_WARN_OBJC_LITERAL_CONVERSION = YES;
				CLANG_WARN_OBJC_ROOT_CLASS = YES_ERROR;
				CLANG_WARN_RANGE_LOOP_ANALYSIS = YES;
				CLANG_WARN_STRICT_PROTOTYPES = YES;
				CLANG_WARN_SUSPICIOUS_MOVE = YES;
				CLANG_WARN_UNGUARDED_AVAILABILITY = YES_AGGRESSIVE;
				CLANG_WARN_UNREACHABLE_CODE = YES;
				CLANG_WARN__DUPLICATE_METHOD_MATCH = YES;
				CODE_SIGN_IDENTITY = "iPhone Developer";
				COPY_PHASE_STRIP = NO;
				DEBUG_INFORMATION_FORMAT = dwarf;
				ENABLE_STRICT_OBJC_MSGSEND = YES;
				ENABLE_TESTABILITY = YES;
				GCC_C_LANGUAGE_STANDARD = gnu11;
				GCC_DYNAMIC_NO_PIC = NO;
				GCC_NO_COMMON_BLOCKS = YES;
				GCC_OPTIMIZATION_LEVEL = 0;
				GCC_PREPROCESSOR_DEFINITIONS = (
					"DEBUG=1",
					"$(inherited)",
				);
				GCC_WARN_64_TO_32_BIT_CONVERSION = YES;
				GCC_WARN_ABOUT_RETURN_TYPE = YES_ERROR;
				GCC_WARN_UNDECLARED_SELECTOR = YES;
				GCC_WARN_UNINITIALIZED_AUTOS = YES_AGGRESSIVE;
				GCC_WARN_UNUSED_FUNCTION = YES;
				GCC_WARN_UNUSED_VARIABLE = YES;
				IPHONEOS_DEPLOYMENT_TARGET = 11.3;
				MTL_ENABLE_DEBUG_INFO = YES;
				ONLY_ACTIVE_ARCH = YES;
				SDKROOT = iphoneos;
			};
			name = Debug;
		};
		70F0261920E78CBA0093341C /* Release */ = {
			isa = XCBuildConfiguration;
			buildSettings = {
				ALWAYS_SEARCH_USER_PATHS = NO;
				CLANG_ANALYZER_NONNULL = YES;
				CLANG_ANALYZER_NUMBER_OBJECT_CONVERSION = YES_AGGRESSIVE;
				CLANG_CXX_LANGUAGE_STANDARD = "gnu++14";
				CLANG_CXX_LIBRARY = "libc++";
				CLANG_ENABLE_MODULES = YES;
				CLANG_ENABLE_OBJC_ARC = YES;
				CLANG_ENABLE_OBJC_WEAK = YES;
				CLANG_WARN_BLOCK_CAPTURE_AUTORELEASING = YES;
				CLANG_WARN_BOOL_CONVERSION = YES;
				CLANG_WARN_COMMA = YES;
				CLANG_WARN_CONSTANT_CONVERSION = YES;
				CLANG_WARN_DEPRECATED_OBJC_IMPLEMENTATIONS = YES;
				CLANG_WARN_DIRECT_OBJC_ISA_USAGE = YES_ERROR;
				CLANG_WARN_DOCUMENTATION_COMMENTS = YES;
				CLANG_WARN_EMPTY_BODY = YES;
				CLANG_WARN_ENUM_CONVERSION = YES;
				CLANG_WARN_INFINITE_RECURSION = YES;
				CLANG_WARN_INT_CONVERSION = YES;
				CLANG_WARN_NON_LITERAL_NULL_CONVERSION = YES;
				CLANG_WARN_OBJC_IMPLICIT_RETAIN_SELF = YES;
				CLANG_WARN_OBJC_LITERAL_CONVERSION = YES;
				CLANG_WARN_OBJC_ROOT_CLASS = YES_ERROR;
				CLANG_WARN_RANGE_LOOP_ANALYSIS = YES;
				CLANG_WARN_STRICT_PROTOTYPES = YES;
				CLANG_WARN_SUSPICIOUS_MOVE = YES;
				CLANG_WARN_UNGUARDED_AVAILABILITY = YES_AGGRESSIVE;
				CLANG_WARN_UNREACHABLE_CODE = YES;
				CLANG_WARN__DUPLICATE_METHOD_MATCH = YES;
				CODE_SIGN_IDENTITY = "iPhone Developer";
				COPY_PHASE_STRIP = NO;
				DEBUG_INFORMATION_FORMAT = "dwarf-with-dsym";
				ENABLE_NS_ASSERTIONS = NO;
				ENABLE_STRICT_OBJC_MSGSEND = YES;
				GCC_C_LANGUAGE_STANDARD = gnu11;
				GCC_NO_COMMON_BLOCKS = YES;
				GCC_WARN_64_TO_32_BIT_CONVERSION = YES;
				GCC_WARN_ABOUT_RETURN_TYPE = YES_ERROR;
				GCC_WARN_UNDECLARED_SELECTOR = YES;
				GCC_WARN_UNINITIALIZED_AUTOS = YES_AGGRESSIVE;
				GCC_WARN_UNUSED_FUNCTION = YES;
				GCC_WARN_UNUSED_VARIABLE = YES;
				IPHONEOS_DEPLOYMENT_TARGET = 11.3;
				MTL_ENABLE_DEBUG_INFO = NO;
				SDKROOT = iphoneos;
				VALIDATE_PRODUCT = YES;
			};
			name = Release;
		};
		70F0261B20E78CBA0093341C /* Debug */ = {
			isa = XCBuildConfiguration;
			buildSettings = {
				ASSETCATALOG_COMPILER_APPICON_NAME = AppIcon;
				CODE_SIGN_STYLE = Automatic;
				DEVELOPMENT_TEAM = Y3RZX4Q7WT;
				INFOPLIST_FILE = "$(SRCROOT)/IosSnipppet/Info.plist";
				IPHONEOS_DEPLOYMENT_TARGET = 9.0;
				LD_RUNPATH_SEARCH_PATHS = (
					"$(inherited)",
					"@executable_path/Frameworks",
				);
				PRODUCT_BUNDLE_IDENTIFIER = club.fwheart.ios.snippet;
				PRODUCT_NAME = "$(TARGET_NAME)";
				TARGETED_DEVICE_FAMILY = "1,2";
			};
			name = Debug;
		};
		70F0261C20E78CBA0093341C /* Release */ = {
			isa = XCBuildConfiguration;
			buildSettings = {
				ASSETCATALOG_COMPILER_APPICON_NAME = AppIcon;
				CODE_SIGN_STYLE = Automatic;
				DEVELOPMENT_TEAM = Y3RZX4Q7WT;
				INFOPLIST_FILE = "$(SRCROOT)/IosSnipppet/Info.plist";
				IPHONEOS_DEPLOYMENT_TARGET = 9.0;
				LD_RUNPATH_SEARCH_PATHS = (
					"$(inherited)",
					"@executable_path/Frameworks",
				);
				PRODUCT_BUNDLE_IDENTIFIER = club.fwheart.ios.snippet;
				PRODUCT_NAME = "$(TARGET_NAME)";
				TARGETED_DEVICE_FAMILY = "1,2";
			};
			name = Release;
		};
		70F0261E20E78CBA0093341C /* Debug */ = {
			isa = XCBuildConfiguration;
			buildSettings = {
				BUNDLE_LOADER = "$(TEST_HOST)";
				CODE_SIGN_STYLE = Automatic;
				INFOPLIST_FILE = "iOS-layout-ocTests/Info.plist";
				LD_RUNPATH_SEARCH_PATHS = (
					"$(inherited)",
					"@executable_path/Frameworks",
					"@loader_path/Frameworks",
				);
				PRODUCT_BUNDLE_IDENTIFIER = "club.fwheart.iOS-layout-ocTests";
				PRODUCT_NAME = "$(TARGET_NAME)";
				TARGETED_DEVICE_FAMILY = "1,2";
				TEST_HOST = "$(BUILT_PRODUCTS_DIR)/IosSnippet.app/IosSnippet";
			};
			name = Debug;
		};
		70F0261F20E78CBA0093341C /* Release */ = {
			isa = XCBuildConfiguration;
			buildSettings = {
				BUNDLE_LOADER = "$(TEST_HOST)";
				CODE_SIGN_STYLE = Automatic;
				INFOPLIST_FILE = "iOS-layout-ocTests/Info.plist";
				LD_RUNPATH_SEARCH_PATHS = (
					"$(inherited)",
					"@executable_path/Frameworks",
					"@loader_path/Frameworks",
				);
				PRODUCT_BUNDLE_IDENTIFIER = "club.fwheart.iOS-layout-ocTests";
				PRODUCT_NAME = "$(TARGET_NAME)";
				TARGETED_DEVICE_FAMILY = "1,2";
				TEST_HOST = "$(BUILT_PRODUCTS_DIR)/IosSnippet.app/IosSnippet";
			};
			name = Release;
		};
		70F0262120E78CBA0093341C /* Debug */ = {
			isa = XCBuildConfiguration;
			buildSettings = {
				CODE_SIGN_STYLE = Automatic;
				INFOPLIST_FILE = "iOS-layout-ocUITests/Info.plist";
				LD_RUNPATH_SEARCH_PATHS = (
					"$(inherited)",
					"@executable_path/Frameworks",
					"@loader_path/Frameworks",
				);
				PRODUCT_BUNDLE_IDENTIFIER = "club.fwheart.iOS-layout-ocUITests";
				PRODUCT_NAME = "$(TARGET_NAME)";
				TARGETED_DEVICE_FAMILY = "1,2";
				TEST_TARGET_NAME = "iOS-layout-oc";
			};
			name = Debug;
		};
		70F0262220E78CBA0093341C /* Release */ = {
			isa = XCBuildConfiguration;
			buildSettings = {
				CODE_SIGN_STYLE = Automatic;
				INFOPLIST_FILE = "iOS-layout-ocUITests/Info.plist";
				LD_RUNPATH_SEARCH_PATHS = (
					"$(inherited)",
					"@executable_path/Frameworks",
					"@loader_path/Frameworks",
				);
				PRODUCT_BUNDLE_IDENTIFIER = "club.fwheart.iOS-layout-ocUITests";
				PRODUCT_NAME = "$(TARGET_NAME)";
				TARGETED_DEVICE_FAMILY = "1,2";
				TEST_TARGET_NAME = "iOS-layout-oc";
			};
			name = Release;
		};
/* End XCBuildConfiguration section */

/* Begin XCConfigurationList section */
		70F025E920E78CB90093341C /* Build configuration list for PBXProject "IosSnippet" */ = {
			isa = XCConfigurationList;
			buildConfigurations = (
				70F0261820E78CBA0093341C /* Debug */,
				70F0261920E78CBA0093341C /* Release */,
			);
			defaultConfigurationIsVisible = 0;
			defaultConfigurationName = Release;
		};
		70F0261A20E78CBA0093341C /* Build configuration list for PBXNativeTarget "IosSnippet" */ = {
			isa = XCConfigurationList;
			buildConfigurations = (
				70F0261B20E78CBA0093341C /* Debug */,
				70F0261C20E78CBA0093341C /* Release */,
			);
			defaultConfigurationIsVisible = 0;
			defaultConfigurationName = Release;
		};
		70F0261D20E78CBA0093341C /* Build configuration list for PBXNativeTarget "IosSnippetTests" */ = {
			isa = XCConfigurationList;
			buildConfigurations = (
				70F0261E20E78CBA0093341C /* Debug */,
				70F0261F20E78CBA0093341C /* Release */,
			);
			defaultConfigurationIsVisible = 0;
			defaultConfigurationName = Release;
		};
		70F0262020E78CBA0093341C /* Build configuration list for PBXNativeTarget "IosSnippetUITests" */ = {
			isa = XCConfigurationList;
			buildConfigurations = (
				70F0262120E78CBA0093341C /* Debug */,
				70F0262220E78CBA0093341C /* Release */,
			);
			defaultConfigurationIsVisible = 0;
			defaultConfigurationName = Release;
		};
/* End XCConfigurationList section */
	};
	rootObject = 70F025E620E78CB90093341C /* Project object */;
}
